
Microsoft Visual Studio Solution File, Format Version 12.00
# Visual Studio Version 17
VisualStudioVersion = 17.1.32210.238
MinimumVisualStudioVersion = 10.0.40219.1
Project("{FAE04EC0-301F-11D3-BF4B-00C04F79EFBC}") = "StudentDotNetCore6", "StudentDotNetCore6\StudentDotNetCore6.csproj", "{1AA9BC8F-23D7-4571-879E-EABBF6CDB655}"
EndProject
Global
	GlobalSection(SolutionConfigurationPlatforms) = preSolution
		Debug|Any CPU = Debug|Any CPU
		Release|Any CPU = Release|Any CPU
	EndGlobalSection
	GlobalSection(ProjectConfigurationPlatforms) = postSolution
		{1AA9BC8F-23D7-4571-879E-EABBF6CDB655}.Debug|Any CPU.ActiveCfg = Debug|Any CPU
		{1AA9BC8F-23D7-4571-879E-EABBF6CDB655}.Debug|Any CPU.Build.0 = Debug|Any CPU
		{1AA9BC8F-23D7-4571-879E-EABBF6CDB655}.Release|Any CPU.ActiveCfg = Release|Any CPU
		{1AA9BC8F-23D7-4571-879E-EABBF6CDB655}.Release|Any CPU.Build.0 = Release|Any CPU
	EndGlobalSection
	GlobalSection(SolutionProperties) = preSolution
		HideSolutionNode = FALSE
	EndGlobalSection
	GlobalSection(ExtensibilityGlobals) = postSolution
		SolutionGuid = {91D5EFBF-99C9-427C-B77C-7FB2BBA4F73C}
	EndGlobalSection
EndGlobal
